version = 1
revision = 3
requires-python = ">=3.14"

[[package]]
name = "ansicon"
version = "1.89.0"
source = { registry = "https://pypi.org/simple" }
sdist = { url = "https://files.pythonhosted.org/packages/b6/e2/1c866404ddbd280efedff4a9f15abfe943cb83cde6e895022370f3a61f85/ansicon-1.89.0.tar.gz", hash = "sha256:e4d039def5768a47e4afec8e89e83ec3ae5a26bf00ad851f914d1240b444d2b1", size = 67312, upload-time = "2019-04-29T20:23:57.314Z" }
wheels = [
    { url = "https://files.pythonhosted.org/packages/75/f9/f1c10e223c7b56a38109a3f2eb4e7fe9a757ea3ed3a166754fb30f65e466/ansicon-1.89.0-py2.py3-none-any.whl", hash = "sha256:f1def52d17f65c2c9682cf8370c03f541f410c1752d6a14029f97318e4b9dfec", size = 63675, upload-time = "2019-04-29T20:23:53.83Z" },
]

[[package]]
name = "blessed"
version = "1.25.0"
source = { registry = "https://pypi.org/simple" }
dependencies = [
    { name = "jinxed", marker = "sys_platform == 'win32'" },
    { name = "wcwidth" },
]
sdist = { url = "https://files.pythonhosted.org/packages/33/cd/eed8b82f1fabcb817d84b24d0780b86600b5c3df7ec4f890bcbb2371b0ad/blessed-1.25.0.tar.gz", hash = "sha256:606aebfea69f85915c7ca6a96eb028e0031d30feccc5688e13fd5cec8277b28d", size = 6746381, upload-time = "2025-11-18T18:43:52.71Z" }
wheels = [
    { url = "https://files.pythonhosted.org/packages/7c/2c/e9b6dd824fb6e76dbd39a308fc6f497320afd455373aac8518ca3eba7948/blessed-1.25.0-py3-none-any.whl", hash = "sha256:e52b9f778b9e10c30b3f17f6b5f5d2208d1e9b53b270f1d94fc61a243fc4708f", size = 95646, upload-time = "2025-11-18T18:43:50.924Z" },
]

[[package]]
name = "cfgv"
version = "3.5.0"
source = { registry = "https://pypi.org/simple" }
sdist = { url = "https://files.pythonhosted.org/packages/4e/b5/721b8799b04bf9afe054a3899c6cf4e880fcf8563cc71c15610242490a0c/cfgv-3.5.0.tar.gz", hash = "sha256:d5b1034354820651caa73ede66a6294d6e95c1b00acc5e9b098e917404669132", size = 7334, upload-time = "2025-11-19T20:55:51.612Z" }
wheels = [
    { url = "https://files.pythonhosted.org/packages/db/3c/33bac158f8ab7f89b2e59426d5fe2e4f63f7ed25df84c036890172b412b5/cfgv-3.5.0-py2.py3-none-any.whl", hash = "sha256:a8dc6b26ad22ff227d2634a65cb388215ce6cc96bbcc5cfde7641ae87e8dacc0", size = 7445, upload-time = "2025-11-19T20:55:50.744Z" },
]

[[package]]
name = "distlib"
version = "0.4.0"
source = { registry = "https://pypi.org/simple" }
sdist = { url = "https://files.pythonhosted.org/packages/96/8e/709914eb2b5749865801041647dc7f4e6d00b549cfe88b65ca192995f07c/distlib-0.4.0.tar.gz", hash = "sha256:feec40075be03a04501a973d81f633735b4b69f98b05450592310c0f401a4e0d", size = 614605, upload-time = "2025-07-17T16:52:00.465Z" }
wheels = [
    { url = "https://files.pythonhosted.org/packages/33/6b/e0547afaf41bf2c42e52430072fa5658766e3d65bd4b03a563d1b6336f57/distlib-0.4.0-py2.py3-none-any.whl", hash = "sha256:9659f7d87e46584a30b5780e43ac7a2143098441670ff0a49d5f9034c54a6c16", size = 469047, upload-time = "2025-07-17T16:51:58.613Z" },
]

[[package]]
name = "filelock"
version = "3.20.1"
source = { registry = "https://pypi.org/simple" }
sdist = { url = "https://files.pythonhosted.org/packages/a7/23/ce7a1126827cedeb958fc043d61745754464eb56c5937c35bbf2b8e26f34/filelock-3.20.1.tar.gz", hash = "sha256:b8360948b351b80f420878d8516519a2204b07aefcdcfd24912a5d33127f188c", size = 19476, upload-time = "2025-12-15T23:54:28.027Z" }
wheels = [
    { url = "https://files.pythonhosted.org/packages/e3/7f/a1a97644e39e7316d850784c642093c99df1290a460df4ede27659056834/filelock-3.20.1-py3-none-any.whl", hash = "sha256:15d9e9a67306188a44baa72f569d2bfd803076269365fdea0934385da4dc361a", size = 16666, upload-time = "2025-12-15T23:54:26.874Z" },
]

[[package]]
name = "gpustat"
version = "1.1.1"
source = { registry = "https://pypi.org/simple" }
dependencies = [
    { name = "blessed" },
    { name = "nvidia-ml-py" },
    { name = "psutil" },
]
sdist = { url = "https://files.pythonhosted.org/packages/79/c4/46d005aec3bf911cb030467d91e062a5386ff4a03e51874424cacc0f60c1/gpustat-1.1.1.tar.gz", hash = "sha256:c18d3ed5518fc16300c42d694debc70aebb3be55cae91f1db64d63b5fa8af9d8", size = 98052, upload-time = "2023-08-22T19:39:06.062Z" }

[[package]]
name = "identify"
version = "2.6.15"
source = { registry = "https://pypi.org/simple" }
sdist = { url = "https://files.pythonhosted.org/packages/ff/e7/685de97986c916a6d93b3876139e00eef26ad5bbbd61925d670ae8013449/identify-2.6.15.tar.gz", hash = "sha256:e4f4864b96c6557ef2a1e1c951771838f4edc9df3a72ec7118b338801b11c7bf", size = 99311, upload-time = "2025-10-02T17:43:40.631Z" }
wheels = [
    { url = "https://files.pythonhosted.org/packages/0f/1c/e5fd8f973d4f375adb21565739498e2e9a1e54c858a97b9a8ccfdc81da9b/identify-2.6.15-py2.py3-none-any.whl", hash = "sha256:1181ef7608e00704db228516541eb83a88a9f94433a8c80bb9b5bd54b1d81757", size = 99183, upload-time = "2025-10-02T17:43:39.137Z" },
]

[[package]]
name = "jinxed"
version = "1.3.0"
source = { registry = "https://pypi.org/simple" }
dependencies = [
    { name = "ansicon", marker = "sys_platform == 'win32'" },
]
sdist = { url = "https://files.pythonhosted.org/packages/20/d0/59b2b80e7a52d255f9e0ad040d2e826342d05580c4b1d7d7747cfb8db731/jinxed-1.3.0.tar.gz", hash = "sha256:1593124b18a41b7a3da3b078471442e51dbad3d77b4d4f2b0c26ab6f7d660dbf", size = 80981, upload-time = "2024-07-31T22:39:18.854Z" }
wheels = [
    { url = "https://files.pythonhosted.org/packages/27/e3/0e0014d6ab159d48189e92044ace13b1e1fe9aa3024ba9f4e8cf172aa7c2/jinxed-1.3.0-py2.py3-none-any.whl", hash = "sha256:b993189f39dc2d7504d802152671535b06d380b26d78070559551cbf92df4fc5", size = 33085, upload-time = "2024-07-31T22:39:17.426Z" },
]

[[package]]
name = "nodeenv"
version = "1.10.0"
source = { registry = "https://pypi.org/simple" }
sdist = { url = "https://files.pythonhosted.org/packages/24/bf/d1bda4f6168e0b2e9e5958945e01910052158313224ada5ce1fb2e1113b8/nodeenv-1.10.0.tar.gz", hash = "sha256:996c191ad80897d076bdfba80a41994c2b47c68e224c542b48feba42ba00f8bb", size = 55611, upload-time = "2025-12-20T14:08:54.006Z" }
wheels = [
    { url = "https://files.pythonhosted.org/packages/88/b2/d0896bdcdc8d28a7fc5717c305f1a861c26e18c05047949fb371034d98bd/nodeenv-1.10.0-py2.py3-none-any.whl", hash = "sha256:5bb13e3eed2923615535339b3c620e76779af4cb4c6a90deccc9e36b274d3827", size = 23438, upload-time = "2025-12-20T14:08:52.782Z" },
]

[[package]]
name = "nvidia-ml-py"
version = "13.590.44"
source = { registry = "https://pypi.org/simple" }
sdist = { url = "https://files.pythonhosted.org/packages/1b/23/3871537f204aee823c574ba25cbeb08cae779979d4d43c01adddda00bab9/nvidia_ml_py-13.590.44.tar.gz", hash = "sha256:b358c7614b0fdeea4b95f046f1c90123bfe25d148ab93bb1c00248b834703373", size = 49737, upload-time = "2025-12-08T14:41:10.872Z" }
wheels = [
    { url = "https://files.pythonhosted.org/packages/e4/47/4c822bd37a008e72fd5a0eae33524ae3ac97b13f7030f63bae1728b8957e/nvidia_ml_py-13.590.44-py3-none-any.whl", hash = "sha256:18feb54eca7d0e3cdc8d1a040a771eda72d9ec3148e5443087970dbfd7377ecc", size = 50683, upload-time = "2025-12-08T14:41:09.597Z" },
]

[[package]]
name = "platformdirs"
version = "4.5.1"
source = { registry = "https://pypi.org/simple" }
sdist = { url = "https://files.pythonhosted.org/packages/cf/86/0248f086a84f01b37aaec0fa567b397df1a119f73c16f6c7a9aac73ea309/platformdirs-4.5.1.tar.gz", hash = "sha256:61d5cdcc6065745cdd94f0f878977f8de9437be93de97c1c12f853c9c0cdcbda", size = 21715, upload-time = "2025-12-05T13:52:58.638Z" }
wheels = [
    { url = "https://files.pythonhosted.org/packages/cb/28/3bfe2fa5a7b9c46fe7e13c97bda14c895fb10fa2ebf1d0abb90e0cea7ee1/platformdirs-4.5.1-py3-none-any.whl", hash = "sha256:d03afa3963c806a9bed9d5125c8f4cb2fdaf74a55ab60e5d59b3fde758104d31", size = 18731, upload-time = "2025-12-05T13:52:56.823Z" },
]

[[package]]
name = "pre-commit"
version = "4.5.1"
source = { registry = "https://pypi.org/simple" }
dependencies = [
    { name = "cfgv" },
    { name = "identify" },
    { name = "nodeenv" },
    { name = "pyyaml" },
    { name = "virtualenv" },
]
sdist = { url = "https://files.pythonhosted.org/packages/40/f1/6d86a29246dfd2e9b6237f0b5823717f60cad94d47ddc26afa916d21f525/pre_commit-4.5.1.tar.gz", hash = "sha256:eb545fcff725875197837263e977ea257a402056661f09dae08e4b149b030a61", size = 198232, upload-time = "2025-12-16T21:14:33.552Z" }
wheels = [
    { url = "https://files.pythonhosted.org/packages/5d/19/fd3ef348460c80af7bb4669ea7926651d1f95c23ff2df18b9d24bab4f3fa/pre_commit-4.5.1-py2.py3-none-any.whl", hash = "sha256:3b3afd891e97337708c1674210f8eba659b52a38ea5f822ff142d10786221f77", size = 226437, upload-time = "2025-12-16T21:14:32.409Z" },
]

[[package]]
name = "psutil"
version = "7.2.0"
source = { registry = "https://pypi.org/simple" }
sdist = { url = "https://files.pythonhosted.org/packages/be/7c/31d1c3ceb1260301f87565f50689dc6da3db427ece1e1e012af22abca54e/psutil-7.2.0.tar.gz", hash = "sha256:2e4f8e1552f77d14dc96fb0f6240c5b34a37081c0889f0853b3b29a496e5ef64", size = 489863, upload-time = "2025-12-23T20:26:24.616Z" }
wheels = [
    { url = "https://files.pythonhosted.org/packages/44/86/98da45dff471b93ef5ce5bcaefa00e3038295a7880a77cf74018243d37fb/psutil-7.2.0-cp314-cp314t-macosx_10_15_x86_64.whl", hash = "sha256:2f2f53fd114e7946dfba3afb98c9b7c7f376009447360ca15bfb73f2066f84c7", size = 129692, upload-time = "2025-12-23T20:26:40.623Z" },
    { url = "https://files.pythonhosted.org/packages/50/ee/10eae91ba4ad071c92db3c178ba861f30406342de9f0ddbe6d51fd741236/psutil-7.2.0-cp314-cp314t-macosx_11_0_arm64.whl", hash = "sha256:e65c41d7e60068f60ce43b31a3a7fc90deb0dfd34ffc824a2574c2e5279b377e", size = 130110, upload-time = "2025-12-23T20:26:42.569Z" },
    { url = "https://files.pythonhosted.org/packages/87/3a/2b2897443d56fedbbc34ac68a0dc7d55faa05d555372a2f989109052f86d/psutil-7.2.0-cp314-cp314t-manylinux2010_x86_64.manylinux_2_12_x86_64.manylinux_2_28_x86_64.whl", hash = "sha256:cc66d21366850a4261412ce994ae9976bba9852dafb4f2fa60db68ed17ff5281", size = 181487, upload-time = "2025-12-23T20:26:44.633Z" },
    { url = "https://files.pythonhosted.org/packages/11/66/44308428f7333db42c5ea7390c52af1b38f59b80b80c437291f58b5dfdad/psutil-7.2.0-cp314-cp314t-manylinux2014_aarch64.manylinux_2_17_aarch64.manylinux_2_28_aarch64.whl", hash = "sha256:e025d67b42b8f22b096d5d20f5171de0e0fefb2f0ce983a13c5a1b5ed9872706", size = 184320, upload-time = "2025-12-23T20:26:46.83Z" },
    { url = "https://files.pythonhosted.org/packages/18/28/d2feadc7f18e501c5ce687c377db7dca924585418fd694272b8e488ea99f/psutil-7.2.0-cp314-cp314t-win_amd64.whl", hash = "sha256:45f6b91f7ad63414d6454fd609e5e3556d0e1038d5d9c75a1368513bdf763f57", size = 140372, upload-time = "2025-12-23T20:26:49.334Z" },
    { url = "https://files.pythonhosted.org/packages/b2/1d/48381f5fd0425aa054c4ee3de24f50de3d6c347019f3aec75f357377d447/psutil-7.2.0-cp314-cp314t-win_arm64.whl", hash = "sha256:87b18a19574139d60a546e88b5f5b9cbad598e26cdc790d204ab95d7024f03ee", size = 135400, upload-time = "2025-12-23T20:26:51.585Z" },
    { url = "https://files.pythonhosted.org/packages/40/c5/a49160bf3e165b7b93a60579a353cf5d939d7f878fe5fd369110f1d18043/psutil-7.2.0-cp36-abi3-macosx_10_9_x86_64.whl", hash = "sha256:977a2fcd132d15cb05b32b2d85b98d087cad039b0ce435731670ba74da9e6133", size = 128116, upload-time = "2025-12-23T20:26:53.516Z" },
    { url = "https://files.pythonhosted.org/packages/10/a1/c75feb480f60cd768fb6ed00ac362a16a33e5076ec8475a22d8162fb2659/psutil-7.2.0-cp36-abi3-macosx_11_0_arm64.whl", hash = "sha256:24151011c21fadd94214d7139d7c6c54569290d7e553989bdf0eab73b13beb8c", size = 128925, upload-time = "2025-12-23T20:26:55.573Z" },
    { url = "https://files.pythonhosted.org/packages/12/ff/e93136587c00a543f4bc768b157fac2c47cd77b180d4f4e5c6efb6ea53a2/psutil-7.2.0-cp36-abi3-manylinux2010_x86_64.manylinux_2_12_x86_64.manylinux_2_28_x86_64.whl", hash = "sha256:91f211ba9279e7c61d9d8f84b713cfc38fa161cb0597d5cb3f1ca742f6848254", size = 154666, upload-time = "2025-12-23T20:26:57.312Z" },
    { url = "https://files.pythonhosted.org/packages/b8/dd/4c2de9c3827c892599d277a69d2224136800870a8a88a80981de905de28d/psutil-7.2.0-cp36-abi3-manylinux2014_aarch64.manylinux_2_17_aarch64.manylinux_2_28_aarch64.whl", hash = "sha256:f37415188b7ea98faf90fed51131181646c59098b077550246e2e092e127418b", size = 156109, upload-time = "2025-12-23T20:26:58.851Z" },
    { url = "https://files.pythonhosted.org/packages/81/3f/090943c682d3629968dd0b04826ddcbc760ee1379021dbe316e2ddfcd01b/psutil-7.2.0-cp36-abi3-musllinux_1_2_aarch64.whl", hash = "sha256:0d12c7ce6ed1128cd81fd54606afa054ac7dbb9773469ebb58cf2f171c49f2ac", size = 148081, upload-time = "2025-12-23T20:27:01.318Z" },
    { url = "https://files.pythonhosted.org/packages/c4/88/c39648ebb8ec182d0364af53cdefe6eddb5f3872ba718b5855a8ff65d6d4/psutil-7.2.0-cp36-abi3-musllinux_1_2_x86_64.whl", hash = "sha256:ca0faef7976530940dcd39bc5382d0d0d5eb023b186a4901ca341bd8d8684151", size = 147376, upload-time = "2025-12-23T20:27:03.347Z" },
    { url = "https://files.pythonhosted.org/packages/01/a2/5b39e08bd9b27476bc7cce7e21c71a481ad60b81ffac49baf02687a50d7f/psutil-7.2.0-cp37-abi3-win_amd64.whl", hash = "sha256:abdb74137ca232d20250e9ad471f58d500e7743bc8253ba0bfbf26e570c0e437", size = 136910, upload-time = "2025-12-23T20:27:05.289Z" },
    { url = "https://files.pythonhosted.org/packages/59/54/53839db1258c1eaeb4ded57ff202144ebc75b23facc05a74fd98d338b0c6/psutil-7.2.0-cp37-abi3-win_arm64.whl", hash = "sha256:284e71038b3139e7ab3834b63b3eb5aa5565fcd61a681ec746ef9a0a8c457fd2", size = 133807, upload-time = "2025-12-23T20:27:06.825Z" },
]

[[package]]
name = "pyqt6"
version = "6.10.1"
source = { registry = "https://pypi.org/simple" }
dependencies = [
    { name = "pyqt6-qt6" },
    { name = "pyqt6-sip" },
]
sdist = { url = "https://files.pythonhosted.org/packages/5c/f5/530b553ea1e239704c5ba86e9e6dd09e4b6240c5b4ee0567d7a135e8466a/pyqt6-6.10.1.tar.gz", hash = "sha256:d733a6c712c0b7a7b99e4ad59b211ea25a5d1b9d1131e47a1f50b5e524266e57", size = 1085250, upload-time = "2025-12-06T09:56:00.439Z" }
wheels = [
    { url = "https://files.pythonhosted.org/packages/c8/b6/de44a5e229a1b0e91c997e8d4083636f4c17f6cc740e12c7ae468fe223b9/pyqt6-6.10.1-cp39-abi3-macosx_10_14_universal2.whl", hash = "sha256:3c32d738c3fe7434e9008c6aed2897742952a0634383fe5fabaf390139a7726e", size = 60244259, upload-time = "2025-12-06T09:55:38.297Z" },
    { url = "https://files.pythonhosted.org/packages/41/76/df4b4b268595032d0fae863e4d4ad962b541db01b1bb6d12f2bc9c66b74b/pyqt6-6.10.1-cp39-abi3-manylinux_2_34_x86_64.whl", hash = "sha256:46aee0453606097ba35645806fb8cb4019d3825781ff94c5070da7f97bb243d8", size = 37899217, upload-time = "2025-12-06T09:55:42.95Z" },
    { url = "https://files.pythonhosted.org/packages/c8/8b/28695ac012bdb1e40358970bd4e688a3a1e4de8ced0e672688ad8c577ffb/pyqt6-6.10.1-cp39-abi3-manylinux_2_39_aarch64.whl", hash = "sha256:d2f4c3475d1660c343061e64724fccd1e44ec00017f1c89625660de1855a9beb", size = 40748244, upload-time = "2025-12-06T09:55:51.686Z" },
    { url = "https://files.pythonhosted.org/packages/7e/87/465ea8df9936190c133671e07370e17a0fa8fa55308c8742e544cdf3556c/pyqt6-6.10.1-cp39-abi3-win_amd64.whl", hash = "sha256:9cc63abb4136f9c71b39381874ca37ba2b8b920085828497176f3ef50fb72ac2", size = 26015164, upload-time = "2025-12-06T09:55:55.183Z" },
    { url = "https://files.pythonhosted.org/packages/62/6d/fa34a34b1a8b26a1b603face529b4c085eaf6347910b19026b7e6782b714/pyqt6-6.10.1-cp39-abi3-win_arm64.whl", hash = "sha256:b943c2c2b0890db203b1af72714490afa8870b372ceb935cad70877a4e57c0c8", size = 26208188, upload-time = "2025-12-06T09:55:58.382Z" },
]

[[package]]
name = "pyqt6-qt6"
version = "6.10.1"
source = { registry = "https://pypi.org/simple" }
wheels = [
    { url = "https://files.pythonhosted.org/packages/54/1b/137184632cad83a210e7955226744a77945260ca2e75892fe36299d26ada/pyqt6_qt6-6.10.1-py3-none-macosx_10_14_x86_64.whl", hash = "sha256:4bb2798a95f624b462b70c4f185422235b714b01e55abab32af1740f147948e2", size = 68472463, upload-time = "2025-11-27T14:20:51.694Z" },
    { url = "https://files.pythonhosted.org/packages/af/df/ca795ac3d04243ad63499cfedcf92d8b5f6e3585a2a26c09f34cb58c8e44/pyqt6_qt6-6.10.1-py3-none-macosx_11_0_arm64.whl", hash = "sha256:0921cc522512cb40dbab673806bc1676924819550e0aec8e3f3fe6907387c5b7", size = 62296168, upload-time = "2025-11-27T14:21:21.232Z" },
    { url = "https://files.pythonhosted.org/packages/f4/7e/9867361252e2a4717dba95c64a0f3a793603f4a52cb9a46abbb041e960f5/pyqt6_qt6-6.10.1-py3-none-manylinux_2_34_x86_64.whl", hash = "sha256:04069aea421703b1269c8a1bcf017e36463af284a044239a4ebda3bde0a629fb", size = 83829262, upload-time = "2025-11-27T14:22:00.399Z" },
    { url = "https://files.pythonhosted.org/packages/9b/7b/18f4eb2273a92283fe4d87aa740a400eb14a4e41b8f990aaf563e9767db6/pyqt6_qt6-6.10.1-py3-none-manylinux_2_39_aarch64.whl", hash = "sha256:5b9be39e0120e32d0b42cdb844e3ae110ddadd39629c991e511902c06f155aff", size = 82877396, upload-time = "2025-11-27T14:22:36.994Z" },
    { url = "https://files.pythonhosted.org/packages/53/5c/648c515d57bc82909d0597befb03bbc2f7a570f323dba3ad38629669efcb/pyqt6_qt6-6.10.1-py3-none-win_amd64.whl", hash = "sha256:df564d3dc2863b1fde22b39bea9f56ceb2a3ed7d6f0b76d3f96c2d3bc5d71516", size = 76670151, upload-time = "2025-11-27T14:23:11.172Z" },
    { url = "https://files.pythonhosted.org/packages/0a/13/2d2a9c0559bfa53effea5e2c1ed7aebb430186ce0b64cfba235231a049d9/pyqt6_qt6-6.10.1-py3-none-win_arm64.whl", hash = "sha256:48282e0f99682daf4f1e220cfe9f41255e003af38f7728a30d40c76e55c89816", size = 58276316, upload-time = "2025-11-27T14:23:38.744Z" },
]

[[package]]
name = "pyqt6-sip"
version = "13.10.3"
source = { registry = "https://pypi.org/simple" }
sdist = { url = "https://files.pythonhosted.org/packages/0d/e9/d1b97154cec1d6c8a3d93fb6565d1463bc528fa5103491d626d07a451c7c/pyqt6_sip-13.10.3.tar.gz", hash = "sha256:630895b3827e2c3b4e072089157985691fe4210d64340e71141f93775ea4ae51", size = 92621, upload-time = "2025-12-06T13:19:44.569Z" }
wheels = [
    { url = "https://files.pythonhosted.org/packages/a1/70/a22362c2632d07d8e29431418e0485f12a41b3c4844f15b60ca5a969e01c/pyqt6_sip-13.10.3-cp314-cp314-macosx_10_15_universal2.whl", hash = "sha256:eb7afe41329ce2eca99118f01776a047a2a150c550258dff1746505af223f997", size = 112432, upload-time = "2025-12-06T13:19:39.153Z" },
    { url = "https://files.pythonhosted.org/packages/25/72/e0a7e4489ea5b948aef707a7d76baf6722a65aabd7e4d3c253583eb6b268/pyqt6_sip-13.10.3-cp314-cp314-manylinux1_x86_64.manylinux_2_5_x86_64.whl", hash = "sha256:6122fe4ccba5a5023581c2c3c57deab6eab56d8e931beec20b05666a46a38e6a", size = 301341, upload-time = "2025-12-06T13:19:41.642Z" },
    { url = "https://files.pythonhosted.org/packages/1f/43/0a648469a7e4f07df1c4ad6443f892e55631f24f7af30c7c946e458a82d1/pyqt6_sip-13.10.3-cp314-cp314-manylinux_2_17_aarch64.manylinux2014_aarch64.whl", hash = "sha256:3286a98e93608d51048e9046f557117424c8366be266b33ff852ee54ffa7b9bf", size = 324062, upload-time = "2025-12-06T13:19:40.308Z" },
    { url = "https://files.pythonhosted.org/packages/f3/0d/67d2095a932c007210437318c31fbc8376deb4e4491907861c4b9ac4ad9e/pyqt6_sip-13.10.3-cp314-cp314-win_amd64.whl", hash = "sha256:4fc6229ba7276266e3805b5517e7413cba79538f0c3ce7d2042a2027a90f99cf", size = 55076, upload-time = "2025-12-06T13:19:42.61Z" },
    { url = "https://files.pythonhosted.org/packages/f8/cd/f121be0271dc73d54f3580584103c046a8d2c06a2686b594b77fd677a5ef/pyqt6_sip-13.10.3-cp314-cp314-win_arm64.whl", hash = "sha256:efef47667ca009557d7ecf985b15f0bf440584fd634ee0eab19ec296effc7cca", size = 49464, upload-time = "2025-12-06T13:19:43.638Z" },
]

[[package]]
name = "pyyaml"
version = "6.0.3"
source = { registry = "https://pypi.org/simple" }
sdist = { url = "https://files.pythonhosted.org/packages/05/8e/961c0007c59b8dd7729d542c61a4d537767a59645b82a0b521206e1e25c2/pyyaml-6.0.3.tar.gz", hash = "sha256:d76623373421df22fb4cf8817020cbb7ef15c725b9d5e45f17e189bfc384190f", size = 130960, upload-time = "2025-09-25T21:33:16.546Z" }
wheels = [
    { url = "https://files.pythonhosted.org/packages/9d/8c/f4bd7f6465179953d3ac9bc44ac1a8a3e6122cf8ada906b4f96c60172d43/pyyaml-6.0.3-cp314-cp314-macosx_10_13_x86_64.whl", hash = "sha256:8d1fab6bb153a416f9aeb4b8763bc0f22a5586065f86f7664fc23339fc1c1fac", size = 181814, upload-time = "2025-09-25T21:32:35.712Z" },
    { url = "https://files.pythonhosted.org/packages/bd/9c/4d95bb87eb2063d20db7b60faa3840c1b18025517ae857371c4dd55a6b3a/pyyaml-6.0.3-cp314-cp314-macosx_11_0_arm64.whl", hash = "sha256:34d5fcd24b8445fadc33f9cf348c1047101756fd760b4dacb5c3e99755703310", size = 173809, upload-time = "2025-09-25T21:32:36.789Z" },
    { url = "https://files.pythonhosted.org/packages/92/b5/47e807c2623074914e29dabd16cbbdd4bf5e9b2db9f8090fa64411fc5382/pyyaml-6.0.3-cp314-cp314-manylinux2014_aarch64.manylinux_2_17_aarch64.manylinux_2_28_aarch64.whl", hash = "sha256:501a031947e3a9025ed4405a168e6ef5ae3126c59f90ce0cd6f2bfc477be31b7", size = 766454, upload-time = "2025-09-25T21:32:37.966Z" },
    { url = "https://files.pythonhosted.org/packages/02/9e/e5e9b168be58564121efb3de6859c452fccde0ab093d8438905899a3a483/pyyaml-6.0.3-cp314-cp314-manylinux2014_s390x.manylinux_2_17_s390x.manylinux_2_28_s390x.whl", hash = "sha256:b3bc83488de33889877a0f2543ade9f70c67d66d9ebb4ac959502e12de895788", size = 836355, upload-time = "2025-09-25T21:32:39.178Z" },
    { url = "https://files.pythonhosted.org/packages/88/f9/16491d7ed2a919954993e48aa941b200f38040928474c9e85ea9e64222c3/pyyaml-6.0.3-cp314-cp314-manylinux2014_x86_64.manylinux_2_17_x86_64.manylinux_2_28_x86_64.whl", hash = "sha256:c458b6d084f9b935061bc36216e8a69a7e293a2f1e68bf956dcd9e6cbcd143f5", size = 794175, upload-time = "2025-09-25T21:32:40.865Z" },
    { url = "https://files.pythonhosted.org/packages/dd/3f/5989debef34dc6397317802b527dbbafb2b4760878a53d4166579111411e/pyyaml-6.0.3-cp314-cp314-musllinux_1_2_aarch64.whl", hash = "sha256:7c6610def4f163542a622a73fb39f534f8c101d690126992300bf3207eab9764", size = 755228, upload-time = "2025-09-25T21:32:42.084Z" },
    { url = "https://files.pythonhosted.org/packages/d7/ce/af88a49043cd2e265be63d083fc75b27b6ed062f5f9fd6cdc223ad62f03e/pyyaml-6.0.3-cp314-cp314-musllinux_1_2_x86_64.whl", hash = "sha256:5190d403f121660ce8d1d2c1bb2ef1bd05b5f68533fc5c2ea899bd15f4399b35", size = 789194, upload-time = "2025-09-25T21:32:43.362Z" },
    { url = "https://files.pythonhosted.org/packages/23/20/bb6982b26a40bb43951265ba29d4c246ef0ff59c9fdcdf0ed04e0687de4d/pyyaml-6.0.3-cp314-cp314-win_amd64.whl", hash = "sha256:4a2e8cebe2ff6ab7d1050ecd59c25d4c8bd7e6f400f5f82b96557ac0abafd0ac", size = 156429, upload-time = "2025-09-25T21:32:57.844Z" },
    { url = "https://files.pythonhosted.org/packages/f4/f4/a4541072bb9422c8a883ab55255f918fa378ecf083f5b85e87fc2b4eda1b/pyyaml-6.0.3-cp314-cp314-win_arm64.whl", hash = "sha256:93dda82c9c22deb0a405ea4dc5f2d0cda384168e466364dec6255b293923b2f3", size = 143912, upload-time = "2025-09-25T21:32:59.247Z" },
    { url = "https://files.pythonhosted.org/packages/7c/f9/07dd09ae774e4616edf6cda684ee78f97777bdd15847253637a6f052a62f/pyyaml-6.0.3-cp314-cp314t-macosx_10_13_x86_64.whl", hash = "sha256:02893d100e99e03eda1c8fd5c441d8c60103fd175728e23e431db1b589cf5ab3", size = 189108, upload-time = "2025-09-25T21:32:44.377Z" },
    { url = "https://files.pythonhosted.org/packages/4e/78/8d08c9fb7ce09ad8c38ad533c1191cf27f7ae1effe5bb9400a46d9437fcf/pyyaml-6.0.3-cp314-cp314t-macosx_11_0_arm64.whl", hash = "sha256:c1ff362665ae507275af2853520967820d9124984e0f7466736aea23d8611fba", size = 183641, upload-time = "2025-09-25T21:32:45.407Z" },
    { url = "https://files.pythonhosted.org/packages/7b/5b/3babb19104a46945cf816d047db2788bcaf8c94527a805610b0289a01c6b/pyyaml-6.0.3-cp314-cp314t-manylinux2014_aarch64.manylinux_2_17_aarch64.manylinux_2_28_aarch64.whl", hash = "sha256:6adc77889b628398debc7b65c073bcb99c4a0237b248cacaf3fe8a557563ef6c", size = 831901, upload-time = "2025-09-25T21:32:48.83Z" },
    { url = "https://files.pythonhosted.org/packages/8b/cc/dff0684d8dc44da4d22a13f35f073d558c268780ce3c6ba1b87055bb0b87/pyyaml-6.0.3-cp314-cp314t-manylinux2014_s390x.manylinux_2_17_s390x.manylinux_2_28_s390x.whl", hash = "sha256:a80cb027f6b349846a3bf6d73b5e95e782175e52f22108cfa17876aaeff93702", size = 861132, upload-time = "2025-09-25T21:32:50.149Z" },
    { url = "https://files.pythonhosted.org/packages/b1/5e/f77dc6b9036943e285ba76b49e118d9ea929885becb0a29ba8a7c75e29fe/pyyaml-6.0.3-cp314-cp314t-manylinux2014_x86_64.manylinux_2_17_x86_64.manylinux_2_28_x86_64.whl", hash = "sha256:00c4bdeba853cc34e7dd471f16b4114f4162dc03e6b7afcc2128711f0eca823c", size = 839261, upload-time = "2025-09-25T21:32:51.808Z" },
    { url = "https://files.pythonhosted.org/packages/ce/88/a9db1376aa2a228197c58b37302f284b5617f56a5d959fd1763fb1675ce6/pyyaml-6.0.3-cp314-cp314t-musllinux_1_2_aarch64.whl", hash = "sha256:66e1674c3ef6f541c35191caae2d429b967b99e02040f5ba928632d9a7f0f065", size = 805272, upload-time = "2025-09-25T21:32:52.941Z" },
    { url = "https://files.pythonhosted.org/packages/da/92/1446574745d74df0c92e6aa4a7b0b3130706a4142b2d1a5869f2eaa423c6/pyyaml-6.0.3-cp314-cp314t-musllinux_1_2_x86_64.whl", hash = "sha256:16249ee61e95f858e83976573de0f5b2893b3677ba71c9dd36b9cf8be9ac6d65", size = 829923, upload-time = "2025-09-25T21:32:54.537Z" },
    { url = "https://files.pythonhosted.org/packages/f0/7a/1c7270340330e575b92f397352af856a8c06f230aa3e76f86b39d01b416a/pyyaml-6.0.3-cp314-cp314t-win_amd64.whl", hash = "sha256:4ad1906908f2f5ae4e5a8ddfce73c320c2a1429ec52eafd27138b7f1cbe341c9", size = 174062, upload-time = "2025-09-25T21:32:55.767Z" },
    { url = "https://files.pythonhosted.org/packages/f1/12/de94a39c2ef588c7e6455cfbe7343d3b2dc9d6b6b2f40c4c6565744c873d/pyyaml-6.0.3-cp314-cp314t-win_arm64.whl", hash = "sha256:ebc55a14a21cb14062aa4162f906cd962b28e2e9ea38f9b4391244cd8de4ae0b", size = 149341, upload-time = "2025-09-25T21:32:56.828Z" },
]

[[package]]
name = "ruff"
version = "0.14.10"
source = { registry = "https://pypi.org/simple" }
sdist = { url = "https://files.pythonhosted.org/packages/57/08/52232a877978dd8f9cf2aeddce3e611b40a63287dfca29b6b8da791f5e8d/ruff-0.14.10.tar.gz", hash = "sha256:9a2e830f075d1a42cd28420d7809ace390832a490ed0966fe373ba288e77aaf4", size = 5859763, upload-time = "2025-12-18T19:28:57.98Z" }
wheels = [
    { url = "https://files.pythonhosted.org/packages/60/01/933704d69f3f05ee16ef11406b78881733c186fe14b6a46b05cfcaf6d3b2/ruff-0.14.10-py3-none-linux_armv6l.whl", hash = "sha256:7a3ce585f2ade3e1f29ec1b92df13e3da262178df8c8bdf876f48fa0e8316c49", size = 13527080, upload-time = "2025-12-18T19:29:25.642Z" },
    { url = "https://files.pythonhosted.org/packages/df/58/a0349197a7dfa603ffb7f5b0470391efa79ddc327c1e29c4851e85b09cc5/ruff-0.14.10-py3-none-macosx_10_12_x86_64.whl", hash = "sha256:674f9be9372907f7257c51f1d4fc902cb7cf014b9980152b802794317941f08f", size = 13797320, upload-time = "2025-12-18T19:29:02.571Z" },
    { url = "https://files.pythonhosted.org/packages/7b/82/36be59f00a6082e38c23536df4e71cdbc6af8d7c707eade97fcad5c98235/ruff-0.14.10-py3-none-macosx_11_0_arm64.whl", hash = "sha256:d85713d522348837ef9df8efca33ccb8bd6fcfc86a2cde3ccb4bc9d28a18003d", size = 12918434, upload-time = "2025-12-18T19:28:51.202Z" },
    { url = "https://files.pythonhosted.org/packages/a6/00/45c62a7f7e34da92a25804f813ebe05c88aa9e0c25e5cb5a7d23dd7450e3/ruff-0.14.10-py3-none-manylinux_2_17_aarch64.manylinux2014_aarch64.whl", hash = "sha256:6987ebe0501ae4f4308d7d24e2d0fe3d7a98430f5adfd0f1fead050a740a3a77", size = 13371961, upload-time = "2025-12-18T19:29:04.991Z" },
    { url = "https://files.pythonhosted.org/packages/40/31/a5906d60f0405f7e57045a70f2d57084a93ca7425f22e1d66904769d1628/ruff-0.14.10-py3-none-manylinux_2_17_armv7l.manylinux2014_armv7l.whl", hash = "sha256:16a01dfb7b9e4eee556fbfd5392806b1b8550c9b4a9f6acd3dbe6812b193c70a", size = 13275629, upload-time = "2025-12-18T19:29:21.381Z" },
    { url = "https://files.pythonhosted.org/packages/3e/60/61c0087df21894cf9d928dc04bcd4fb10e8b2e8dca7b1a276ba2155b2002/ruff-0.14.10-py3-none-manylinux_2_17_i686.manylinux2014_i686.whl", hash = "sha256:7165d31a925b7a294465fa81be8c12a0e9b60fb02bf177e79067c867e71f8b1f", size = 14029234, upload-time = "2025-12-18T19:29:00.132Z" },
    { url = "https://files.pythonhosted.org/packages/44/84/77d911bee3b92348b6e5dab5a0c898d87084ea03ac5dc708f46d88407def/ruff-0.14.10-py3-none-manylinux_2_17_ppc64.manylinux2014_ppc64.whl", hash = "sha256:c561695675b972effb0c0a45db233f2c816ff3da8dcfbe7dfc7eed625f218935", size = 15449890, upload-time = "2025-12-18T19:28:53.573Z" },
    { url = "https://files.pythonhosted.org/packages/e9/36/480206eaefa24a7ec321582dda580443a8f0671fdbf6b1c80e9c3e93a16a/ruff-0.14.10-py3-none-manylinux_2_17_ppc64le.manylinux2014_ppc64le.whl", hash = "sha256:4bb98fcbbc61725968893682fd4df8966a34611239c9fd07a1f6a07e7103d08e", size = 15123172, upload-time = "2025-12-18T19:29:23.453Z" },
    { url = "https://files.pythonhosted.org/packages/5c/38/68e414156015ba80cef5473d57919d27dfb62ec804b96180bafdeaf0e090/ruff-0.14.10-py3-none-manylinux_2_17_s390x.manylinux2014_s390x.whl", hash = "sha256:f24b47993a9d8cb858429e97bdf8544c78029f09b520af615c1d261bf827001d", size = 14460260, upload-time = "2025-12-18T19:29:27.808Z" },
    { url = "https://files.pythonhosted.org/packages/b3/19/9e050c0dca8aba824d67cc0db69fb459c28d8cd3f6855b1405b3f29cc91d/ruff-0.14.10-py3-none-manylinux_2_17_x86_64.manylinux2014_x86_64.whl", hash = "sha256:59aabd2e2c4fd614d2862e7939c34a532c04f1084476d6833dddef4afab87e9f", size = 14229978, upload-time = "2025-12-18T19:29:11.32Z" },
    { url = "https://files.pythonhosted.org/packages/51/eb/e8dd1dd6e05b9e695aa9dd420f4577debdd0f87a5ff2fedda33c09e9be8c/ruff-0.14.10-py3-none-manylinux_2_31_riscv64.whl", hash = "sha256:213db2b2e44be8625002dbea33bb9c60c66ea2c07c084a00d55732689d697a7f", size = 14338036, upload-time = "2025-12-18T19:29:09.184Z" },
    { url = "https://files.pythonhosted.org/packages/6a/12/f3e3a505db7c19303b70af370d137795fcfec136d670d5de5391e295c134/ruff-0.14.10-py3-none-musllinux_1_2_aarch64.whl", hash = "sha256:b914c40ab64865a17a9a5b67911d14df72346a634527240039eb3bd650e5979d", size = 13264051, upload-time = "2025-12-18T19:29:13.431Z" },
    { url = "https://files.pythonhosted.org/packages/08/64/8c3a47eaccfef8ac20e0484e68e0772013eb85802f8a9f7603ca751eb166/ruff-0.14.10-py3-none-musllinux_1_2_armv7l.whl", hash = "sha256:1484983559f026788e3a5c07c81ef7d1e97c1c78ed03041a18f75df104c45405", size = 13283998, upload-time = "2025-12-18T19:29:06.994Z" },
    { url = "https://files.pythonhosted.org/packages/12/84/534a5506f4074e5cc0529e5cd96cfc01bb480e460c7edf5af70d2bcae55e/ruff-0.14.10-py3-none-musllinux_1_2_i686.whl", hash = "sha256:c70427132db492d25f982fffc8d6c7535cc2fd2c83fc8888f05caaa248521e60", size = 13601891, upload-time = "2025-12-18T19:28:55.811Z" },
    { url = "https://files.pythonhosted.org/packages/0d/1e/14c916087d8598917dbad9b2921d340f7884824ad6e9c55de948a93b106d/ruff-0.14.10-py3-none-musllinux_1_2_x86_64.whl", hash = "sha256:5bcf45b681e9f1ee6445d317ce1fa9d6cba9a6049542d1c3d5b5958986be8830", size = 14336660, upload-time = "2025-12-18T19:29:16.531Z" },
    { url = "https://files.pythonhosted.org/packages/f2/1c/d7b67ab43f30013b47c12b42d1acd354c195351a3f7a1d67f59e54227ede/ruff-0.14.10-py3-none-win32.whl", hash = "sha256:104c49fc7ab73f3f3a758039adea978869a918f31b73280db175b43a2d9b51d6", size = 13196187, upload-time = "2025-12-18T19:29:19.006Z" },
    { url = "https://files.pythonhosted.org/packages/fb/9c/896c862e13886fae2af961bef3e6312db9ebc6adc2b156fe95e615dee8c1/ruff-0.14.10-py3-none-win_amd64.whl", hash = "sha256:466297bd73638c6bdf06485683e812db1c00c7ac96d4ddd0294a338c62fdc154", size = 14661283, upload-time = "2025-12-18T19:29:30.16Z" },
    { url = "https://files.pythonhosted.org/packages/74/31/b0e29d572670dca3674eeee78e418f20bdf97fa8aa9ea71380885e175ca0/ruff-0.14.10-py3-none-win_arm64.whl", hash = "sha256:e51d046cf6dda98a4633b8a8a771451107413b0f07183b2bef03f075599e44e6", size = 13729839, upload-time = "2025-12-18T19:28:48.636Z" },
]

[[package]]
name = "virtualenv"
version = "20.35.4"
source = { registry = "https://pypi.org/simple" }
dependencies = [
    { name = "distlib" },
    { name = "filelock" },
    { name = "platformdirs" },
]
sdist = { url = "https://files.pythonhosted.org/packages/20/28/e6f1a6f655d620846bd9df527390ecc26b3805a0c5989048c210e22c5ca9/virtualenv-20.35.4.tar.gz", hash = "sha256:643d3914d73d3eeb0c552cbb12d7e82adf0e504dbf86a3182f8771a153a1971c", size = 6028799, upload-time = "2025-10-29T06:57:40.511Z" }
wheels = [
    { url = "https://files.pythonhosted.org/packages/79/0c/c05523fa3181fdf0c9c52a6ba91a23fbf3246cc095f26f6516f9c60e6771/virtualenv-20.35.4-py3-none-any.whl", hash = "sha256:c21c9cede36c9753eeade68ba7d523529f228a403463376cf821eaae2b650f1b", size = 6005095, upload-time = "2025-10-29T06:57:37.598Z" },
]

[[package]]
name = "watchtower"
version = "0.1.0"
source = { virtual = "." }
dependencies = [
    { name = "gpustat" },
    { name = "psutil" },
    { name = "pyqt6" },
]

[package.dev-dependencies]
dev = [
    { name = "pre-commit" },
    { name = "ruff" },
]

[package.metadata]
requires-dist = [
    { name = "gpustat", specifier = ">=1.1.1" },
    { name = "psutil", specifier = ">=7.2.0" },
    { name = "pyqt6", specifier = ">=6.10.1" },
]

[package.metadata.requires-dev]
dev = [
    { name = "pre-commit", specifier = ">=4.5.1" },
    { name = "ruff", specifier = ">=0.14.10" },
]

[[package]]
name = "wcwidth"
version = "0.2.14"
source = { registry = "https://pypi.org/simple" }
sdist = { url = "https://files.pythonhosted.org/packages/24/30/6b0809f4510673dc723187aeaf24c7f5459922d01e2f794277a3dfb90345/wcwidth-0.2.14.tar.gz", hash = "sha256:4d478375d31bc5395a3c55c40ccdf3354688364cd61c4f6adacaa9215d0b3605", size = 102293, upload-time = "2025-09-22T16:29:53.023Z" }
wheels = [
    { url = "https://files.pythonhosted.org/packages/af/b5/123f13c975e9f27ab9c0770f514345bd406d0e8d3b7a0723af9d43f710af/wcwidth-0.2.14-py2.py3-none-any.whl", hash = "sha256:a7bb560c8aee30f9957e5f9895805edd20602f2d7f720186dfd906e82b4982e1", size = 37286, upload-time = "2025-09-22T16:29:51.641Z" },
]
